{
  "name": "fusejs",
  "version": "1.0.0",
  "lockfileVersion": 1,
  "requires": true,
  "dependencies": {
    "fuse.js": {
      "version": "6.4.2",
      "resolved": "https://registry.npmjs.org/fuse.js/-/fuse.js-6.4.2.tgz",
      "integrity": "sha512-jyy+zOtV96ylMqOGpVjAWQfvEkfTtuJRjsOC6pjReeju8SoDZ2vgFF6eur0a8fxsVwwcpdt3ieaQQeLdkqXH1Q=="
    }
  }
}
